
Microsoft Visual Studio Solution File, Format Version 12.00
# Visual Studio Version 17
VisualStudioVersion = 17.11.35327.3
MinimumVisualStudioVersion = 10.0.40219.1
Project("{FAE04EC0-301F-11D3-BF4B-00C04F79EFBC}") = "PriceQuotationApp", "PriceQuotationApp\PriceQuotationApp.csproj", "{4FFC267B-9E42-44A2-9174-A8A419ED1811}"
EndProject
Global
	GlobalSection(SolutionConfigurationPlatforms) = preSolution
		Debug|Any CPU = Debug|Any CPU
		Release|Any CPU = Release|Any CPU
	EndGlobalSection
	GlobalSection(ProjectConfigurationPlatforms) = postSolution
		{4FFC267B-9E42-44A2-9174-A8A419ED1811}.Debug|Any CPU.ActiveCfg = Debug|Any CPU
		{4FFC267B-9E42-44A2-9174-A8A419ED1811}.Debug|Any CPU.Build.0 = Debug|Any CPU
		{4FFC267B-9E42-44A2-9174-A8A419ED1811}.Release|Any CPU.ActiveCfg = Release|Any CPU
		{4FFC267B-9E42-44A2-9174-A8A419ED1811}.Release|Any CPU.Build.0 = Release|Any CPU
	EndGlobalSection
	GlobalSection(SolutionProperties) = preSolution
		HideSolutionNode = FALSE
	EndGlobalSection
	GlobalSection(ExtensibilityGlobals) = postSolution
		SolutionGuid = {8C104403-0C85-4A15-85AD-CDEF0EB75564}
	EndGlobalSection
EndGlobal
